// !$*UTF8*$!
{
	archiveVersion = 1;
	classes = {
	};
	objectVersion = 50;
	objects = {

/* Begin PBXBuildFile section */
		249E889A22BC796900114E65 /* AppDelegate.swift in Sources */ = {isa = PBXBuildFile; fileRef = 249E889922BC796900114E65 /* AppDelegate.swift */; };
		249E889C22BC796900114E65 /* ViewController.swift in Sources */ = {isa = PBXBuildFile; fileRef = 249E889B22BC796900114E65 /* ViewController.swift */; };
		249E889F22BC796900114E65 /* Main.storyboard in Resources */ = {isa = PBXBuildFile; fileRef = 249E889D22BC796900114E65 /* Main.storyboard */; };
		249E88A122BC796A00114E65 /* Assets.xcassets in Resources */ = {isa = PBXBuildFile; fileRef = 249E88A022BC796A00114E65 /* Assets.xcassets */; };
		249E88A422BC796A00114E65 /* LaunchScreen.storyboard in Resources */ = {isa = PBXBuildFile; fileRef = 249E88A222BC796A00114E65 /* LaunchScreen.storyboard */; };
		249E88AF22BC796A00114E65 /* Finding_User_LocationTests.swift in Sources */ = {isa = PBXBuildFile; fileRef = 249E88AE22BC796A00114E65 /* Finding_User_LocationTests.swift */; };
		249E88BA22BC796A00114E65 /* Finding_User_LocationUITests.swift in Sources */ = {isa = PBXBuildFile; fileRef = 249E88B922BC796A00114E65 /* Finding_User_LocationUITests.swift */; };
		249E88C922BC7A8900114E65 /* CoreLocation.framework in Frameworks */ = {isa = PBXBuildFile; fileRef = 249E88C822BC7A8900114E65 /* CoreLocation.framework */; };
/* End PBXBuildFile section */

/* Begin PBXContainerItemProxy section */
		249E88AB22BC796A00114E65 /* PBXContainerItemProxy */ = {
			isa = PBXContainerItemProxy;
			containerPortal = 249E888E22BC796900114E65 /* Project object */;
			proxyType = 1;
			remoteGlobalIDString = 249E889522BC796900114E65;
			remoteInfo = "Finding User Location";
		};
		249E88B622BC796A00114E65 /* PBXContainerItemProxy */ = {
			isa = PBXContainerItemProxy;
			containerPortal = 249E888E22BC796900114E65 /* Project object */;
			proxyType = 1;
			remoteGlobalIDString = 249E889522BC796900114E65;
			remoteInfo = "Finding User Location";
		};
/* End PBXContainerItemProxy section */

/* Begin PBXFileReference section */
		249E889622BC796900114E65 /* Finding User Location.app */ = {isa = PBXFileReference; explicitFileType = wrapper.application; includeInIndex = 0; path = "Finding User Location.app"; sourceTree = BUILT_PRODUCTS_DIR; };
		249E889922BC796900114E65 /* AppDelegate.swift */ = {isa = PBXFileReference; lastKnownFileType = sourcecode.swift; path = AppDelegate.swift; sourceTree = "<group>"; };
		249E889B22BC796900114E65 /* ViewController.swift */ = {isa = PBXFileReference; lastKnownFileType = sourcecode.swift; path = ViewController.swift; sourceTree = "<group>"; };
		249E889E22BC796900114E65 /* Base */ = {isa = PBXFileReference; lastKnownFileType = file.storyboard; name = Base; path = Base.lproj/Main.storyboard; sourceTree = "<group>"; };
		249E88A022BC796A00114E65 /* Assets.xcassets */ = {isa = PBXFileReference; lastKnownFileType = folder.assetcatalog; path = Assets.xcassets; sourceTree = "<group>"; };
		249E88A322BC796A00114E65 /* Base */ = {isa = PBXFileReference; lastKnownFileType = file.storyboard; name = Base; path = Base.lproj/LaunchScreen.storyboard; sourceTree = "<group>"; };
		249E88A522BC796A00114E65 /* Info.plist */ = {isa = PBXFileReference; lastKnownFileType = text.plist.xml; path = Info.plist; sourceTree = "<group>"; };
		249E88AA22BC796A00114E65 /* Finding User LocationTests.xctest */ = {isa = PBXFileReference; explicitFileType = wrapper.cfbundle; includeInIndex = 0; path = "Finding User LocationTests.xctest"; sourceTree = BUILT_PRODUCTS_DIR; };
		249E88AE22BC796A00114E65 /* Finding_User_LocationTests.swift */ = {isa = PBXFileReference; lastKnownFileType = sourcecode.swift; path = Finding_User_LocationTests.swift; sourceTree = "<group>"; };
		249E88B022BC796A00114E65 /* Info.plist */ = {isa = PBXFileReference; lastKnownFileType = text.plist.xml; path = Info.plist; sourceTree = "<group>"; };
		249E88B522BC796A00114E65 /* Finding User LocationUITests.xctest */ = {isa = PBXFileReference; explicitFileType = wrapper.cfbundle; includeInIndex = 0; path = "Finding User LocationUITests.xctest"; sourceTree = BUILT_PRODUCTS_DIR; };
		249E88B922BC796A00114E65 /* Finding_User_LocationUITests.swift */ = {isa = PBXFileReference; lastKnownFileType = sourcecode.swift; path = Finding_User_LocationUITests.swift; sourceTree = "<group>"; };
		249E88BB22BC796A00114E65 /* Info.plist */ = {isa = PBXFileReference; lastKnownFileType = text.plist.xml; path = Info.plist; sourceTree = "<group>"; };
		249E88C822BC7A8900114E65 /* CoreLocation.framework */ = {isa = PBXFileReference; lastKnownFileType = wrapper.framework; name = CoreLocation.framework; path = System/Library/Frameworks/CoreLocation.framework; sourceTree = SDKROOT; };
/* End PBXFileReference section */

/* Begin PBXFrameworksBuildPhase section */
		249E889322BC796900114E65 /* Frameworks */ = {
			isa = PBXFrameworksBuildPhase;
			buildActionMask = 2147483647;
			files = (
				249E88C922BC7A8900114E65 /* CoreLocation.framework in Frameworks */,
			);
			runOnlyForDeploymentPostprocessing = 0;
		};
		249E88A722BC796A00114E65 /* Frameworks */ = {
			isa = PBXFrameworksBuildPhase;
			buildActionMask = 2147483647;
			files = (
			);
			runOnlyForDeploymentPostprocessing = 0;
		};
		249E88B222BC796A00114E65 /* Frameworks */ = {
			isa = PBXFrameworksBuildPhase;
			buildActionMask = 2147483647;
			files = (
			);
			runOnlyForDeploymentPostprocessing = 0;
		};
/* End PBXFrameworksBuildPhase section */

/* Begin PBXGroup section */
		249E888D22BC796900114E65 = {
			isa = PBXGroup;
			children = (
				249E889822BC796900114E65 /* Finding User Location */,
				249E88AD22BC796A00114E65 /* Finding User LocationTests */,
				249E88B822BC796A00114E65 /* Finding User LocationUITests */,
				249E889722BC796900114E65 /* Products */,
				249E88C722BC7A8700114E65 /* Frameworks */,
			);
			sourceTree = "<group>";
		};
		249E889722BC796900114E65 /* Products */ = {
			isa = PBXGroup;
			children = (
				249E889622BC796900114E65 /* Finding User Location.app */,
				249E88AA22BC796A00114E65 /* Finding User LocationTests.xctest */,
				249E88B522BC796A00114E65 /* Finding User LocationUITests.xctest */,
			);
			name = Products;
			sourceTree = "<group>";
		};
		249E889822BC796900114E65 /* Finding User Location */ = {
			isa = PBXGroup;
			children = (
				249E889922BC796900114E65 /* AppDelegate.swift */,
				249E889B22BC796900114E65 /* ViewController.swift */,
				249E889D22BC796900114E65 /* Main.storyboard */,
				249E88A022BC796A00114E65 /* Assets.xcassets */,
				249E88A222BC796A00114E65 /* LaunchScreen.storyboard */,
				249E88A522BC796A00114E65 /* Info.plist */,
			);
			path = "Finding User Location";
			sourceTree = "<group>";
		};
		249E88AD22BC796A00114E65 /* Finding User LocationTests */ = {
			isa = PBXGroup;
			children = (
				249E88AE22BC796A00114E65 /* Finding_User_LocationTests.swift */,
				249E88B022BC796A00114E65 /* Info.plist */,
			);
			path = "Finding User LocationTests";
			sourceTree = "<group>";
		};
		249E88B822BC796A00114E65 /* Finding User LocationUITests */ = {
			isa = PBXGroup;
			children = (
				249E88B922BC796A00114E65 /* Finding_User_LocationUITests.swift */,
				249E88BB22BC796A00114E65 /* Info.plist */,
			);
			path = "Finding User LocationUITests";
			sourceTree = "<group>";
		};
		249E88C722BC7A8700114E65 /* Frameworks */ = {
			isa = PBXGroup;
			children = (
				249E88C822BC7A8900114E65 /* CoreLocation.framework */,
			);
			name = Frameworks;
			sourceTree = "<group>";
		};
/* End PBXGroup section */

/* Begin PBXNativeTarget section */
		249E889522BC796900114E65 /* Finding User Location */ = {
			isa = PBXNativeTarget;
			buildConfigurationList = 249E88BE22BC796A00114E65 /* Build configuration list for PBXNativeTarget "Finding User Location" */;
			buildPhases = (
				249E889222BC796900114E65 /* Sources */,
				249E889322BC796900114E65 /* Frameworks */,
				249E889422BC796900114E65 /* Resources */,
			);
			buildRules = (
			);
			dependencies = (
			);
			name = "Finding User Location";
			productName = "Finding User Location";
			productReference = 249E889622BC796900114E65 /* Finding User Location.app */;
			productType = "com.apple.product-type.application";
		};
		249E88A922BC796A00114E65 /* Finding User LocationTests */ = {
			isa = PBXNativeTarget;
			buildConfigurationList = 249E88C122BC796A00114E65 /* Build configuration list for PBXNativeTarget "Finding User LocationTests" */;
			buildPhases = (
				249E88A622BC796A00114E65 /* Sources */,
				249E88A722BC796A00114E65 /* Frameworks */,
				249E88A822BC796A00114E65 /* Resources */,
			);
			buildRules = (
			);
			dependencies = (
				249E88AC22BC796A00114E65 /* PBXTargetDependency */,
			);
			name = "Finding User LocationTests";
			productName = "Finding User LocationTests";
			productReference = 249E88AA22BC796A00114E65 /* Finding User LocationTests.xctest */;
			productType = "com.apple.product-type.bundle.unit-test";
		};
		249E88B422BC796A00114E65 /* Finding User LocationUITests */ = {
			isa = PBXNativeTarget;
			buildConfigurationList = 249E88C422BC796A00114E65 /* Build configuration list for PBXNativeTarget "Finding User LocationUITests" */;
			buildPhases = (
				249E88B122BC796A00114E65 /* Sources */,
				249E88B222BC796A00114E65 /* Frameworks */,
				249E88B322BC796A00114E65 /* Resources */,
			);
			buildRules = (
			);
			dependencies = (
				249E88B722BC796A00114E65 /* PBXTargetDependency */,
			);
			name = "Finding User LocationUITests";
			productName = "Finding User LocationUITests";
			productReference = 249E88B522BC796A00114E65 /* Finding User LocationUITests.xctest */;
			productType = "com.apple.product-type.bundle.ui-testing";
		};
/* End PBXNativeTarget section */

/* Begin PBXProject section */
		249E888E22BC796900114E65 /* Project object */ = {
			isa = PBXProject;
			attributes = {
				LastSwiftUpdateCheck = 1020;
				LastUpgradeCheck = 1020;
				ORGANIZATIONNAME = "Sean Higgins";
				TargetAttributes = {
					249E889522BC796900114E65 = {
						CreatedOnToolsVersion = 10.2.1;
					};
					249E88A922BC796A00114E65 = {
						CreatedOnToolsVersion = 10.2.1;
						TestTargetID = 249E889522BC796900114E65;
					};
					249E88B422BC796A00114E65 = {
						CreatedOnToolsVersion = 10.2.1;
						TestTargetID = 249E889522BC796900114E65;
					};
				};
			};
			buildConfigurationList = 249E889122BC796900114E65 /* Build configuration list for PBXProject "Finding User Location" */;
			compatibilityVersion = "Xcode 9.3";
			developmentRegion = en;
			hasScannedForEncodings = 0;
			knownRegions = (
				en,
				Base,
			);
			mainGroup = 249E888D22BC796900114E65;
			productRefGroup = 249E889722BC796900114E65 /* Products */;
			projectDirPath = "";
			projectRoot = "";
			targets = (
				249E889522BC796900114E65 /* Finding User Location */,
				249E88A922BC796A00114E65 /* Finding User LocationTests */,
				249E88B422BC796A00114E65 /* Finding User LocationUITests */,
			);
		};
/* End PBXProject section */

/* Begin PBXResourcesBuildPhase section */
		249E889422BC796900114E65 /* Resources */ = {
			isa = PBXResourcesBuildPhase;
			buildActionMask = 2147483647;
			files = (
				249E88A422BC796A00114E65 /* LaunchScreen.storyboard in Resources */,
				249E88A122BC796A00114E65 /* Assets.xcassets in Resources */,
				249E889F22BC796900114E65 /* Main.storyboard in Resources */,
			);
			runOnlyForDeploymentPostprocessing = 0;
		};
		249E88A822BC796A00114E65 /* Resources */ = {
			isa = PBXResourcesBuildPhase;
			buildActionMask = 2147483647;
			files = (
			);
			runOnlyForDeploymentPostprocessing = 0;
		};
		249E88B322BC796A00114E65 /* Resources */ = {
			isa = PBXResourcesBuildPhase;
			buildActionMask = 2147483647;
			files = (
			);
			runOnlyForDeploymentPostprocessing = 0;
		};
/* End PBXResourcesBuildPhase section */

/* Begin PBXSourcesBuildPhase section */
		249E889222BC796900114E65 /* Sources */ = {
			isa = PBXSourcesBuildPhase;
			buildActionMask = 2147483647;
			files = (
				249E889C22BC796900114E65 /* ViewController.swift in Sources */,
				249E889A22BC796900114E65 /* AppDelegate.swift in Sources */,
			);
			runOnlyForDeploymentPostprocessing = 0;
		};
		249E88A622BC796A00114E65 /* Sources */ = {
			isa = PBXSourcesBuildPhase;
			buildActionMask = 2147483647;
			files = (
				249E88AF22BC796A00114E65 /* Finding_User_LocationTests.swift in Sources */,
			);
			runOnlyForDeploymentPostprocessing = 0;
		};
		249E88B122BC796A00114E65 /* Sources */ = {
			isa = PBXSourcesBuildPhase;
			buildActionMask = 2147483647;
			files = (
				249E88BA22BC796A00114E65 /* Finding_User_LocationUITests.swift in Sources */,
			);
			runOnlyForDeploymentPostprocessing = 0;
		};
/* End PBXSourcesBuildPhase section */

/* Begin PBXTargetDependency section */
		249E88AC22BC796A00114E65 /* PBXTargetDependency */ = {
			isa = PBXTargetDependency;
			target = 249E889522BC796900114E65 /* Finding User Location */;
			targetProxy = 249E88AB22BC796A00114E65 /* PBXContainerItemProxy */;
		};
		249E88B722BC796A00114E65 /* PBXTargetDependency */ = {
			isa = PBXTargetDependency;
			target = 249E889522BC796900114E65 /* Finding User Location */;
			targetProxy = 249E88B622BC796A00114E65 /* PBXContainerItemProxy */;
		};
/* End PBXTargetDependency section */

/* Begin PBXVariantGroup section */
		249E889D22BC796900114E65 /* Main.storyboard */ = {
			isa = PBXVariantGroup;
			children = (
				249E889E22BC796900114E65 /* Base */,
			);
			name = Main.storyboard;
			sourceTree = "<group>";
		};
		249E88A222BC796A00114E65 /* LaunchScreen.storyboard */ = {
			isa = PBXVariantGroup;
			children = (
				249E88A322BC796A00114E65 /* Base */,
			);
			name = LaunchScreen.storyboard;
			sourceTree = "<group>";
		};
/* End PBXVariantGroup section */

/* Begin XCBuildConfiguration section */
		249E88BC22BC796A00114E65 /* Debug */ = {
			isa = XCBuildConfiguration;
			buildSettings = {
				ALWAYS_SEARCH_USER_PATHS = NO;
				CLANG_ANALYZER_NONNULL = YES;
				CLANG_ANALYZER_NUMBER_OBJECT_CONVERSION = YES_AGGRESSIVE;
				CLANG_CXX_LANGUAGE_STANDARD = "gnu++14";
				CLANG_CXX_LIBRARY = "libc++";
				CLANG_ENABLE_MODULES = YES;
				CLANG_ENABLE_OBJC_ARC = YES;
				CLANG_ENABLE_OBJC_WEAK = YES;
				CLANG_WARN_BLOCK_CAPTURE_AUTORELEASING = YES;
				CLANG_WARN_BOOL_CONVERSION = YES;
				CLANG_WARN_COMMA = YES;
				CLANG_WARN_CONSTANT_CONVERSION = YES;
				CLANG_WARN_DEPRECATED_OBJC_IMPLEMENTATIONS = YES;
				CLANG_WARN_DIRECT_OBJC_ISA_USAGE = YES_ERROR;
				CLANG_WARN_DOCUMENTATION_COMMENTS = YES;
				CLANG_WARN_EMPTY_BODY = YES;
				CLANG_WARN_ENUM_CONVERSION = YES;
				CLANG_WARN_INFINITE_RECURSION = YES;
				CLANG_WARN_INT_CONVERSION = YES;
				CLANG_WARN_NON_LITERAL_NULL_CONVERSION = YES;
				CLANG_WARN_OBJC_IMPLICIT_RETAIN_SELF = YES;
				CLANG_WARN_OBJC_LITERAL_CONVERSION = YES;
				CLANG_WARN_OBJC_ROOT_CLASS = YES_ERROR;
				CLANG_WARN_RANGE_LOOP_ANALYSIS = YES;
				CLANG_WARN_STRICT_PROTOTYPES = YES;
				CLANG_WARN_SUSPICIOUS_MOVE = YES;
				CLANG_WARN_UNGUARDED_AVAILABILITY = YES_AGGRESSIVE;
				CLANG_WARN_UNREACHABLE_CODE = YES;
				CLANG_WARN__DUPLICATE_METHOD_MATCH = YES;
				CODE_SIGN_IDENTITY = "iPhone Developer";
				COPY_PHASE_STRIP = NO;
				DEBUG_INFORMATION_FORMAT = dwarf;
				ENABLE_STRICT_OBJC_MSGSEND = YES;
				ENABLE_TESTABILITY = YES;
				GCC_C_LANGUAGE_STANDARD = gnu11;
				GCC_DYNAMIC_NO_PIC = NO;
				GCC_NO_COMMON_BLOCKS = YES;
				GCC_OPTIMIZATION_LEVEL = 0;
				GCC_PREPROCESSOR_DEFINITIONS = (
					"DEBUG=1",
					"$(inherited)",
				);
				GCC_WARN_64_TO_32_BIT_CONVERSION = YES;
				GCC_WARN_ABOUT_RETURN_TYPE = YES_ERROR;
				GCC_WARN_UNDECLARED_SELECTOR = YES;
				GCC_WARN_UNINITIALIZED_AUTOS = YES_AGGRESSIVE;
				GCC_WARN_UNUSED_FUNCTION = YES;
				GCC_WARN_UNUSED_VARIABLE = YES;
				IPHONEOS_DEPLOYMENT_TARGET = 12.2;
				MTL_ENABLE_DEBUG_INFO = INCLUDE_SOURCE;
				MTL_FAST_MATH = YES;
				ONLY_ACTIVE_ARCH = YES;
				SDKROOT = iphoneos;
				SWIFT_ACTIVE_COMPILATION_CONDITIONS = DEBUG;
				SWIFT_OPTIMIZATION_LEVEL = "-Onone";
			};
			name = Debug;
		};
		249E88BD22BC796A00114E65 /* Release */ = {
			isa = XCBuildConfiguration;
			buildSettings = {
				ALWAYS_SEARCH_USER_PATHS = NO;
				CLANG_ANALYZER_NONNULL = YES;
				CLANG_ANALYZER_NUMBER_OBJECT_CONVERSION = YES_AGGRESSIVE;
				CLANG_CXX_LANGUAGE_STANDARD = "gnu++14";
				CLANG_CXX_LIBRARY = "libc++";
				CLANG_ENABLE_MODULES = YES;
				CLANG_ENABLE_OBJC_ARC = YES;
				CLANG_ENABLE_OBJC_WEAK = YES;
				CLANG_WARN_BLOCK_CAPTURE_AUTORELEASING = YES;
				CLANG_WARN_BOOL_CONVERSION = YES;
				CLANG_WARN_COMMA = YES;
				CLANG_WARN_CONSTANT_CONVERSION = YES;
				CLANG_WARN_DEPRECATED_OBJC_IMPLEMENTATIONS = YES;
				CLANG_WARN_DIRECT_OBJC_ISA_USAGE = YES_ERROR;
				CLANG_WARN_DOCUMENTATION_COMMENTS = YES;
				CLANG_WARN_EMPTY_BODY = YES;
				CLANG_WARN_ENUM_CONVERSION = YES;
				CLANG_WARN_INFINITE_RECURSION = YES;
				CLANG_WARN_INT_CONVERSION = YES;
				CLANG_WARN_NON_LITERAL_NULL_CONVERSION = YES;
				CLANG_WARN_OBJC_IMPLICIT_RETAIN_SELF = YES;
				CLANG_WARN_OBJC_LITERAL_CONVERSION = YES;
				CLANG_WARN_OBJC_ROOT_CLASS = YES_ERROR;
				CLANG_WARN_RANGE_LOOP_ANALYSIS = YES;
				CLANG_WARN_STRICT_PROTOTYPES = YES;
				CLANG_WARN_SUSPICIOUS_MOVE = YES;
				CLANG_WARN_UNGUARDED_AVAILABILITY = YES_AGGRESSIVE;
				CLANG_WARN_UNREACHABLE_CODE = YES;
				CLANG_WARN__DUPLICATE_METHOD_MATCH = YES;
				CODE_SIGN_IDENTITY = "iPhone Developer";
				COPY_PHASE_STRIP = NO;
				DEBUG_INFORMATION_FORMAT = "dwarf-with-dsym";
				ENABLE_NS_ASSERTIONS = NO;
				ENABLE_STRICT_OBJC_MSGSEND = YES;
				GCC_C_LANGUAGE_STANDARD = gnu11;
				GCC_NO_COMMON_BLOCKS = YES;
				GCC_WARN_64_TO_32_BIT_CONVERSION = YES;
				GCC_WARN_ABOUT_RETURN_TYPE = YES_ERROR;
				GCC_WARN_UNDECLARED_SELECTOR = YES;
				GCC_WARN_UNINITIALIZED_AUTOS = YES_AGGRESSIVE;
				GCC_WARN_UNUSED_FUNCTION = YES;
				GCC_WARN_UNUSED_VARIABLE = YES;
				IPHONEOS_DEPLOYMENT_TARGET = 12.2;
				MTL_ENABLE_DEBUG_INFO = NO;
				MTL_FAST_MATH = YES;
				SDKROOT = iphoneos;
				SWIFT_COMPILATION_MODE = wholemodule;
				SWIFT_OPTIMIZATION_LEVEL = "-O";
				VALIDATE_PRODUCT = YES;
			};
			name = Release;
		};
		249E88BF22BC796A00114E65 /* Debug */ = {
			isa = XCBuildConfiguration;
			buildSettings = {
				ASSETCATALOG_COMPILER_APPICON_NAME = AppIcon;
				CODE_SIGN_STYLE = Automatic;
				INFOPLIST_FILE = "Finding User Location/Info.plist";
				LD_RUNPATH_SEARCH_PATHS = (
					"$(inherited)",
					"@executable_path/Frameworks",
				);
				PRODUCT_BUNDLE_IDENTIFIER = "com.seanmh.Finding-User-Location";
				PRODUCT_NAME = "$(TARGET_NAME)";
				SWIFT_VERSION = 5.0;
				TARGETED_DEVICE_FAMILY = "1,2";
			};
			name = Debug;
		};
		249E88C022BC796A00114E65 /* Release */ = {
			isa = XCBuildConfiguration;
			buildSettings = {
				ASSETCATALOG_COMPILER_APPICON_NAME = AppIcon;
				CODE_SIGN_STYLE = Automatic;
				INFOPLIST_FILE = "Finding User Location/Info.plist";
				LD_RUNPATH_SEARCH_PATHS = (
					"$(inherited)",
					"@executable_path/Frameworks",
				);
				PRODUCT_BUNDLE_IDENTIFIER = "com.seanmh.Finding-User-Location";
				PRODUCT_NAME = "$(TARGET_NAME)";
				SWIFT_VERSION = 5.0;
				TARGETED_DEVICE_FAMILY = "1,2";
			};
			name = Release;
		};
		249E88C222BC796A00114E65 /* Debug */ = {
			isa = XCBuildConfiguration;
			buildSettings = {
				ALWAYS_EMBED_SWIFT_STANDARD_LIBRARIES = YES;
				BUNDLE_LOADER = "$(TEST_HOST)";
				CODE_SIGN_STYLE = Automatic;
				INFOPLIST_FILE = "Finding User LocationTests/Info.plist";
				LD_RUNPATH_SEARCH_PATHS = (
					"$(inherited)",
					"@executable_path/Frameworks",
					"@loader_path/Frameworks",
				);
				PRODUCT_BUNDLE_IDENTIFIER = "com.seanmh.Finding-User-LocationTests";
				PRODUCT_NAME = "$(TARGET_NAME)";
				SWIFT_VERSION = 5.0;
				TARGETED_DEVICE_FAMILY = "1,2";
				TEST_HOST = "$(BUILT_PRODUCTS_DIR)/Finding User Location.app/Finding User Location";
			};
			name = Debug;
		};
		249E88C322BC796A00114E65 /* Release */ = {
			isa = XCBuildConfiguration;
			buildSettings = {
				ALWAYS_EMBED_SWIFT_STANDARD_LIBRARIES = YES;
				BUNDLE_LOADER = "$(TEST_HOST)";
				CODE_SIGN_STYLE = Automatic;
				INFOPLIST_FILE = "Finding User LocationTests/Info.plist";
				LD_RUNPATH_SEARCH_PATHS = (
					"$(inherited)",
					"@executable_path/Frameworks",
					"@loader_path/Frameworks",
				);
				PRODUCT_BUNDLE_IDENTIFIER = "com.seanmh.Finding-User-LocationTests";
				PRODUCT_NAME = "$(TARGET_NAME)";
				SWIFT_VERSION = 5.0;
				TARGETED_DEVICE_FAMILY = "1,2";
				TEST_HOST = "$(BUILT_PRODUCTS_DIR)/Finding User Location.app/Finding User Location";
			};
			name = Release;
		};
		249E88C522BC796A00114E65 /* Debug */ = {
			isa = XCBuildConfiguration;
			buildSettings = {
				ALWAYS_EMBED_SWIFT_STANDARD_LIBRARIES = YES;
				CODE_SIGN_STYLE = Automatic;
				INFOPLIST_FILE = "Finding User LocationUITests/Info.plist";
				LD_RUNPATH_SEARCH_PATHS = (
					"$(inherited)",
					"@executable_path/Frameworks",
					"@loader_path/Frameworks",
				);
				PRODUCT_BUNDLE_IDENTIFIER = "com.seanmh.Finding-User-LocationUITests";
				PRODUCT_NAME = "$(TARGET_NAME)";
				SWIFT_VERSION = 5.0;
				TARGETED_DEVICE_FAMILY = "1,2";
				TEST_TARGET_NAME = "Finding User Location";
			};
			name = Debug;
		};
		249E88C622BC796A00114E65 /* Release */ = {
			isa = XCBuildConfiguration;
			buildSettings = {
				ALWAYS_EMBED_SWIFT_STANDARD_LIBRARIES = YES;
				CODE_SIGN_STYLE = Automatic;
				INFOPLIST_FILE = "Finding User LocationUITests/Info.plist";
				LD_RUNPATH_SEARCH_PATHS = (
					"$(inherited)",
					"@executable_path/Frameworks",
					"@loader_path/Frameworks",
				);
				PRODUCT_BUNDLE_IDENTIFIER = "com.seanmh.Finding-User-LocationUITests";
				PRODUCT_NAME = "$(TARGET_NAME)";
				SWIFT_VERSION = 5.0;
				TARGETED_DEVICE_FAMILY = "1,2";
				TEST_TARGET_NAME = "Finding User Location";
			};
			name = Release;
		};
/* End XCBuildConfiguration section */

/* Begin XCConfigurationList section */
		249E889122BC796900114E65 /* Build configuration list for PBXProject "Finding User Location" */ = {
			isa = XCConfigurationList;
			buildConfigurations = (
				249E88BC22BC796A00114E65 /* Debug */,
				249E88BD22BC796A00114E65 /* Release */,
			);
			defaultConfigurationIsVisible = 0;
			defaultConfigurationName = Release;
		};
		249E88BE22BC796A00114E65 /* Build configuration list for PBXNativeTarget "Finding User Location" */ = {
			isa = XCConfigurationList;
			buildConfigurations = (
				249E88BF22BC796A00114E65 /* Debug */,
				249E88C022BC796A00114E65 /* Release */,
			);
			defaultConfigurationIsVisible = 0;
			defaultConfigurationName = Release;
		};
		249E88C122BC796A00114E65 /* Build configuration list for PBXNativeTarget "Finding User LocationTests" */ = {
			isa = XCConfigurationList;
			buildConfigurations = (
				249E88C222BC796A00114E65 /* Debug */,
				249E88C322BC796A00114E65 /* Release */,
			);
			defaultConfigurationIsVisible = 0;
			defaultConfigurationName = Release;
		};
		249E88C422BC796A00114E65 /* Build configuration list for PBXNativeTarget "Finding User LocationUITests" */ = {
			isa = XCConfigurationList;
			buildConfigurations = (
				249E88C522BC796A00114E65 /* Debug */,
				249E88C622BC796A00114E65 /* Release */,
			);
			defaultConfigurationIsVisible = 0;
			defaultConfigurationName = Release;
		};
/* End XCConfigurationList section */
	};
	rootObject = 249E888E22BC796900114E65 /* Project object */;
}
