// !$*UTF8*$!
{
	archiveVersion = 1;
	classes = {
	};
	objectVersion = 50;
	objects = {

/* Begin PBXBuildFile section */
		249962C922BD94A0007016CE /* AppDelegate.swift in Sources */ = {isa = PBXBuildFile; fileRef = 249962C822BD94A0007016CE /* AppDelegate.swift */; };
		249962CB22BD94A0007016CE /* ViewController.swift in Sources */ = {isa = PBXBuildFile; fileRef = 249962CA22BD94A0007016CE /* ViewController.swift */; };
		249962CE22BD94A0007016CE /* Main.storyboard in Resources */ = {isa = PBXBuildFile; fileRef = 249962CC22BD94A0007016CE /* Main.storyboard */; };
		249962D022BD94A1007016CE /* Assets.xcassets in Resources */ = {isa = PBXBuildFile; fileRef = 249962CF22BD94A1007016CE /* Assets.xcassets */; };
		249962D322BD94A1007016CE /* LaunchScreen.storyboard in Resources */ = {isa = PBXBuildFile; fileRef = 249962D122BD94A1007016CE /* LaunchScreen.storyboard */; };
		249962DE22BD94A1007016CE /* Audio_ShakerTests.swift in Sources */ = {isa = PBXBuildFile; fileRef = 249962DD22BD94A1007016CE /* Audio_ShakerTests.swift */; };
		249962E922BD94A1007016CE /* Audio_ShakerUITests.swift in Sources */ = {isa = PBXBuildFile; fileRef = 249962E822BD94A1007016CE /* Audio_ShakerUITests.swift */; };
		249962F722BD9670007016CE /* allegretto.mp3 in Resources */ = {isa = PBXBuildFile; fileRef = 249962F622BD9670007016CE /* allegretto.mp3 */; };
		2499630022BDB18E007016CE /* cow.mp3 in Resources */ = {isa = PBXBuildFile; fileRef = 249962F822BDB18D007016CE /* cow.mp3 */; };
		2499630122BDB18E007016CE /* paper-cutter.mp3 in Resources */ = {isa = PBXBuildFile; fileRef = 249962F922BDB18D007016CE /* paper-cutter.mp3 */; };
		2499630222BDB18E007016CE /* sci-fy.mp3 in Resources */ = {isa = PBXBuildFile; fileRef = 249962FA22BDB18D007016CE /* sci-fy.mp3 */; };
		2499630322BDB18E007016CE /* balloon.mp3 in Resources */ = {isa = PBXBuildFile; fileRef = 249962FB22BDB18D007016CE /* balloon.mp3 */; };
		2499630422BDB18E007016CE /* paint-spray.mp3 in Resources */ = {isa = PBXBuildFile; fileRef = 249962FC22BDB18D007016CE /* paint-spray.mp3 */; };
		2499630522BDB18E007016CE /* guitar.mp3 in Resources */ = {isa = PBXBuildFile; fileRef = 249962FD22BDB18D007016CE /* guitar.mp3 */; };
		2499630622BDB18E007016CE /* comedy.mp3 in Resources */ = {isa = PBXBuildFile; fileRef = 249962FE22BDB18E007016CE /* comedy.mp3 */; };
		2499630722BDB18E007016CE /* bells.mp3 in Resources */ = {isa = PBXBuildFile; fileRef = 249962FF22BDB18E007016CE /* bells.mp3 */; };
/* End PBXBuildFile section */

/* Begin PBXContainerItemProxy section */
		249962DA22BD94A1007016CE /* PBXContainerItemProxy */ = {
			isa = PBXContainerItemProxy;
			containerPortal = 249962BD22BD94A0007016CE /* Project object */;
			proxyType = 1;
			remoteGlobalIDString = 249962C422BD94A0007016CE;
			remoteInfo = "Audio-Shaker";
		};
		249962E522BD94A1007016CE /* PBXContainerItemProxy */ = {
			isa = PBXContainerItemProxy;
			containerPortal = 249962BD22BD94A0007016CE /* Project object */;
			proxyType = 1;
			remoteGlobalIDString = 249962C422BD94A0007016CE;
			remoteInfo = "Audio-Shaker";
		};
/* End PBXContainerItemProxy section */

/* Begin PBXFileReference section */
		249962C522BD94A0007016CE /* Audio-Shaker.app */ = {isa = PBXFileReference; explicitFileType = wrapper.application; includeInIndex = 0; path = "Audio-Shaker.app"; sourceTree = BUILT_PRODUCTS_DIR; };
		249962C822BD94A0007016CE /* AppDelegate.swift */ = {isa = PBXFileReference; lastKnownFileType = sourcecode.swift; path = AppDelegate.swift; sourceTree = "<group>"; };
		249962CA22BD94A0007016CE /* ViewController.swift */ = {isa = PBXFileReference; lastKnownFileType = sourcecode.swift; path = ViewController.swift; sourceTree = "<group>"; };
		249962CD22BD94A0007016CE /* Base */ = {isa = PBXFileReference; lastKnownFileType = file.storyboard; name = Base; path = Base.lproj/Main.storyboard; sourceTree = "<group>"; };
		249962CF22BD94A1007016CE /* Assets.xcassets */ = {isa = PBXFileReference; lastKnownFileType = folder.assetcatalog; path = Assets.xcassets; sourceTree = "<group>"; };
		249962D222BD94A1007016CE /* Base */ = {isa = PBXFileReference; lastKnownFileType = file.storyboard; name = Base; path = Base.lproj/LaunchScreen.storyboard; sourceTree = "<group>"; };
		249962D422BD94A1007016CE /* Info.plist */ = {isa = PBXFileReference; lastKnownFileType = text.plist.xml; path = Info.plist; sourceTree = "<group>"; };
		249962D922BD94A1007016CE /* Audio-ShakerTests.xctest */ = {isa = PBXFileReference; explicitFileType = wrapper.cfbundle; includeInIndex = 0; path = "Audio-ShakerTests.xctest"; sourceTree = BUILT_PRODUCTS_DIR; };
		249962DD22BD94A1007016CE /* Audio_ShakerTests.swift */ = {isa = PBXFileReference; lastKnownFileType = sourcecode.swift; path = Audio_ShakerTests.swift; sourceTree = "<group>"; };
		249962DF22BD94A1007016CE /* Info.plist */ = {isa = PBXFileReference; lastKnownFileType = text.plist.xml; path = Info.plist; sourceTree = "<group>"; };
		249962E422BD94A1007016CE /* Audio-ShakerUITests.xctest */ = {isa = PBXFileReference; explicitFileType = wrapper.cfbundle; includeInIndex = 0; path = "Audio-ShakerUITests.xctest"; sourceTree = BUILT_PRODUCTS_DIR; };
		249962E822BD94A1007016CE /* Audio_ShakerUITests.swift */ = {isa = PBXFileReference; lastKnownFileType = sourcecode.swift; path = Audio_ShakerUITests.swift; sourceTree = "<group>"; };
		249962EA22BD94A1007016CE /* Info.plist */ = {isa = PBXFileReference; lastKnownFileType = text.plist.xml; path = Info.plist; sourceTree = "<group>"; };
		249962F622BD9670007016CE /* allegretto.mp3 */ = {isa = PBXFileReference; lastKnownFileType = audio.mp3; path = allegretto.mp3; sourceTree = "<group>"; };
		249962F822BDB18D007016CE /* cow.mp3 */ = {isa = PBXFileReference; lastKnownFileType = audio.mp3; path = cow.mp3; sourceTree = "<group>"; };
		249962F922BDB18D007016CE /* paper-cutter.mp3 */ = {isa = PBXFileReference; lastKnownFileType = audio.mp3; path = "paper-cutter.mp3"; sourceTree = "<group>"; };
		249962FA22BDB18D007016CE /* sci-fy.mp3 */ = {isa = PBXFileReference; lastKnownFileType = audio.mp3; path = "sci-fy.mp3"; sourceTree = "<group>"; };
		249962FB22BDB18D007016CE /* balloon.mp3 */ = {isa = PBXFileReference; lastKnownFileType = audio.mp3; path = balloon.mp3; sourceTree = "<group>"; };
		249962FC22BDB18D007016CE /* paint-spray.mp3 */ = {isa = PBXFileReference; lastKnownFileType = audio.mp3; path = "paint-spray.mp3"; sourceTree = "<group>"; };
		249962FD22BDB18D007016CE /* guitar.mp3 */ = {isa = PBXFileReference; lastKnownFileType = audio.mp3; path = guitar.mp3; sourceTree = "<group>"; };
		249962FE22BDB18E007016CE /* comedy.mp3 */ = {isa = PBXFileReference; lastKnownFileType = audio.mp3; path = comedy.mp3; sourceTree = "<group>"; };
		249962FF22BDB18E007016CE /* bells.mp3 */ = {isa = PBXFileReference; lastKnownFileType = audio.mp3; path = bells.mp3; sourceTree = "<group>"; };
/* End PBXFileReference section */

/* Begin PBXFrameworksBuildPhase section */
		249962C222BD94A0007016CE /* Frameworks */ = {
			isa = PBXFrameworksBuildPhase;
			buildActionMask = 2147483647;
			files = (
			);
			runOnlyForDeploymentPostprocessing = 0;
		};
		249962D622BD94A1007016CE /* Frameworks */ = {
			isa = PBXFrameworksBuildPhase;
			buildActionMask = 2147483647;
			files = (
			);
			runOnlyForDeploymentPostprocessing = 0;
		};
		249962E122BD94A1007016CE /* Frameworks */ = {
			isa = PBXFrameworksBuildPhase;
			buildActionMask = 2147483647;
			files = (
			);
			runOnlyForDeploymentPostprocessing = 0;
		};
/* End PBXFrameworksBuildPhase section */

/* Begin PBXGroup section */
		249962BC22BD94A0007016CE = {
			isa = PBXGroup;
			children = (
				249962C722BD94A0007016CE /* Audio-Shaker */,
				249962DC22BD94A1007016CE /* Audio-ShakerTests */,
				249962E722BD94A1007016CE /* Audio-ShakerUITests */,
				249962C622BD94A0007016CE /* Products */,
			);
			sourceTree = "<group>";
		};
		249962C622BD94A0007016CE /* Products */ = {
			isa = PBXGroup;
			children = (
				249962C522BD94A0007016CE /* Audio-Shaker.app */,
				249962D922BD94A1007016CE /* Audio-ShakerTests.xctest */,
				249962E422BD94A1007016CE /* Audio-ShakerUITests.xctest */,
			);
			name = Products;
			sourceTree = "<group>";
		};
		249962C722BD94A0007016CE /* Audio-Shaker */ = {
			isa = PBXGroup;
			children = (
				249962C822BD94A0007016CE /* AppDelegate.swift */,
				249962CA22BD94A0007016CE /* ViewController.swift */,
				249962CC22BD94A0007016CE /* Main.storyboard */,
				249962CF22BD94A1007016CE /* Assets.xcassets */,
				249962F622BD9670007016CE /* allegretto.mp3 */,
				249962FB22BDB18D007016CE /* balloon.mp3 */,
				249962FF22BDB18E007016CE /* bells.mp3 */,
				249962FE22BDB18E007016CE /* comedy.mp3 */,
				249962F822BDB18D007016CE /* cow.mp3 */,
				249962FD22BDB18D007016CE /* guitar.mp3 */,
				249962FC22BDB18D007016CE /* paint-spray.mp3 */,
				249962F922BDB18D007016CE /* paper-cutter.mp3 */,
				249962FA22BDB18D007016CE /* sci-fy.mp3 */,
				249962D122BD94A1007016CE /* LaunchScreen.storyboard */,
				249962D422BD94A1007016CE /* Info.plist */,
			);
			path = "Audio-Shaker";
			sourceTree = "<group>";
		};
		249962DC22BD94A1007016CE /* Audio-ShakerTests */ = {
			isa = PBXGroup;
			children = (
				249962DD22BD94A1007016CE /* Audio_ShakerTests.swift */,
				249962DF22BD94A1007016CE /* Info.plist */,
			);
			path = "Audio-ShakerTests";
			sourceTree = "<group>";
		};
		249962E722BD94A1007016CE /* Audio-ShakerUITests */ = {
			isa = PBXGroup;
			children = (
				249962E822BD94A1007016CE /* Audio_ShakerUITests.swift */,
				249962EA22BD94A1007016CE /* Info.plist */,
			);
			path = "Audio-ShakerUITests";
			sourceTree = "<group>";
		};
/* End PBXGroup section */

/* Begin PBXNativeTarget section */
		249962C422BD94A0007016CE /* Audio-Shaker */ = {
			isa = PBXNativeTarget;
			buildConfigurationList = 249962ED22BD94A1007016CE /* Build configuration list for PBXNativeTarget "Audio-Shaker" */;
			buildPhases = (
				249962C122BD94A0007016CE /* Sources */,
				249962C222BD94A0007016CE /* Frameworks */,
				249962C322BD94A0007016CE /* Resources */,
			);
			buildRules = (
			);
			dependencies = (
			);
			name = "Audio-Shaker";
			productName = "Audio-Shaker";
			productReference = 249962C522BD94A0007016CE /* Audio-Shaker.app */;
			productType = "com.apple.product-type.application";
		};
		249962D822BD94A1007016CE /* Audio-ShakerTests */ = {
			isa = PBXNativeTarget;
			buildConfigurationList = 249962F022BD94A1007016CE /* Build configuration list for PBXNativeTarget "Audio-ShakerTests" */;
			buildPhases = (
				249962D522BD94A1007016CE /* Sources */,
				249962D622BD94A1007016CE /* Frameworks */,
				249962D722BD94A1007016CE /* Resources */,
			);
			buildRules = (
			);
			dependencies = (
				249962DB22BD94A1007016CE /* PBXTargetDependency */,
			);
			name = "Audio-ShakerTests";
			productName = "Audio-ShakerTests";
			productReference = 249962D922BD94A1007016CE /* Audio-ShakerTests.xctest */;
			productType = "com.apple.product-type.bundle.unit-test";
		};
		249962E322BD94A1007016CE /* Audio-ShakerUITests */ = {
			isa = PBXNativeTarget;
			buildConfigurationList = 249962F322BD94A1007016CE /* Build configuration list for PBXNativeTarget "Audio-ShakerUITests" */;
			buildPhases = (
				249962E022BD94A1007016CE /* Sources */,
				249962E122BD94A1007016CE /* Frameworks */,
				249962E222BD94A1007016CE /* Resources */,
			);
			buildRules = (
			);
			dependencies = (
				249962E622BD94A1007016CE /* PBXTargetDependency */,
			);
			name = "Audio-ShakerUITests";
			productName = "Audio-ShakerUITests";
			productReference = 249962E422BD94A1007016CE /* Audio-ShakerUITests.xctest */;
			productType = "com.apple.product-type.bundle.ui-testing";
		};
/* End PBXNativeTarget section */

/* Begin PBXProject section */
		249962BD22BD94A0007016CE /* Project object */ = {
			isa = PBXProject;
			attributes = {
				LastSwiftUpdateCheck = 1020;
				LastUpgradeCheck = 1020;
				ORGANIZATIONNAME = "Sean Higgins";
				TargetAttributes = {
					249962C422BD94A0007016CE = {
						CreatedOnToolsVersion = 10.2.1;
					};
					249962D822BD94A1007016CE = {
						CreatedOnToolsVersion = 10.2.1;
						TestTargetID = 249962C422BD94A0007016CE;
					};
					249962E322BD94A1007016CE = {
						CreatedOnToolsVersion = 10.2.1;
						TestTargetID = 249962C422BD94A0007016CE;
					};
				};
			};
			buildConfigurationList = 249962C022BD94A0007016CE /* Build configuration list for PBXProject "Audio-Shaker" */;
			compatibilityVersion = "Xcode 9.3";
			developmentRegion = en;
			hasScannedForEncodings = 0;
			knownRegions = (
				en,
				Base,
			);
			mainGroup = 249962BC22BD94A0007016CE;
			productRefGroup = 249962C622BD94A0007016CE /* Products */;
			projectDirPath = "";
			projectRoot = "";
			targets = (
				249962C422BD94A0007016CE /* Audio-Shaker */,
				249962D822BD94A1007016CE /* Audio-ShakerTests */,
				249962E322BD94A1007016CE /* Audio-ShakerUITests */,
			);
		};
/* End PBXProject section */

/* Begin PBXResourcesBuildPhase section */
		249962C322BD94A0007016CE /* Resources */ = {
			isa = PBXResourcesBuildPhase;
			buildActionMask = 2147483647;
			files = (
				2499630522BDB18E007016CE /* guitar.mp3 in Resources */,
				249962D322BD94A1007016CE /* LaunchScreen.storyboard in Resources */,
				249962D022BD94A1007016CE /* Assets.xcassets in Resources */,
				249962CE22BD94A0007016CE /* Main.storyboard in Resources */,
				2499630322BDB18E007016CE /* balloon.mp3 in Resources */,
				249962F722BD9670007016CE /* allegretto.mp3 in Resources */,
				2499630422BDB18E007016CE /* paint-spray.mp3 in Resources */,
				2499630622BDB18E007016CE /* comedy.mp3 in Resources */,
				2499630122BDB18E007016CE /* paper-cutter.mp3 in Resources */,
				2499630722BDB18E007016CE /* bells.mp3 in Resources */,
				2499630222BDB18E007016CE /* sci-fy.mp3 in Resources */,
				2499630022BDB18E007016CE /* cow.mp3 in Resources */,
			);
			runOnlyForDeploymentPostprocessing = 0;
		};
		249962D722BD94A1007016CE /* Resources */ = {
			isa = PBXResourcesBuildPhase;
			buildActionMask = 2147483647;
			files = (
			);
			runOnlyForDeploymentPostprocessing = 0;
		};
		249962E222BD94A1007016CE /* Resources */ = {
			isa = PBXResourcesBuildPhase;
			buildActionMask = 2147483647;
			files = (
			);
			runOnlyForDeploymentPostprocessing = 0;
		};
/* End PBXResourcesBuildPhase section */

/* Begin PBXSourcesBuildPhase section */
		249962C122BD94A0007016CE /* Sources */ = {
			isa = PBXSourcesBuildPhase;
			buildActionMask = 2147483647;
			files = (
				249962CB22BD94A0007016CE /* ViewController.swift in Sources */,
				249962C922BD94A0007016CE /* AppDelegate.swift in Sources */,
			);
			runOnlyForDeploymentPostprocessing = 0;
		};
		249962D522BD94A1007016CE /* Sources */ = {
			isa = PBXSourcesBuildPhase;
			buildActionMask = 2147483647;
			files = (
				249962DE22BD94A1007016CE /* Audio_ShakerTests.swift in Sources */,
			);
			runOnlyForDeploymentPostprocessing = 0;
		};
		249962E022BD94A1007016CE /* Sources */ = {
			isa = PBXSourcesBuildPhase;
			buildActionMask = 2147483647;
			files = (
				249962E922BD94A1007016CE /* Audio_ShakerUITests.swift in Sources */,
			);
			runOnlyForDeploymentPostprocessing = 0;
		};
/* End PBXSourcesBuildPhase section */

/* Begin PBXTargetDependency section */
		249962DB22BD94A1007016CE /* PBXTargetDependency */ = {
			isa = PBXTargetDependency;
			target = 249962C422BD94A0007016CE /* Audio-Shaker */;
			targetProxy = 249962DA22BD94A1007016CE /* PBXContainerItemProxy */;
		};
		249962E622BD94A1007016CE /* PBXTargetDependency */ = {
			isa = PBXTargetDependency;
			target = 249962C422BD94A0007016CE /* Audio-Shaker */;
			targetProxy = 249962E522BD94A1007016CE /* PBXContainerItemProxy */;
		};
/* End PBXTargetDependency section */

/* Begin PBXVariantGroup section */
		249962CC22BD94A0007016CE /* Main.storyboard */ = {
			isa = PBXVariantGroup;
			children = (
				249962CD22BD94A0007016CE /* Base */,
			);
			name = Main.storyboard;
			sourceTree = "<group>";
		};
		249962D122BD94A1007016CE /* LaunchScreen.storyboard */ = {
			isa = PBXVariantGroup;
			children = (
				249962D222BD94A1007016CE /* Base */,
			);
			name = LaunchScreen.storyboard;
			sourceTree = "<group>";
		};
/* End PBXVariantGroup section */

/* Begin XCBuildConfiguration section */
		249962EB22BD94A1007016CE /* Debug */ = {
			isa = XCBuildConfiguration;
			buildSettings = {
				ALWAYS_SEARCH_USER_PATHS = NO;
				CLANG_ANALYZER_NONNULL = YES;
				CLANG_ANALYZER_NUMBER_OBJECT_CONVERSION = YES_AGGRESSIVE;
				CLANG_CXX_LANGUAGE_STANDARD = "gnu++14";
				CLANG_CXX_LIBRARY = "libc++";
				CLANG_ENABLE_MODULES = YES;
				CLANG_ENABLE_OBJC_ARC = YES;
				CLANG_ENABLE_OBJC_WEAK = YES;
				CLANG_WARN_BLOCK_CAPTURE_AUTORELEASING = YES;
				CLANG_WARN_BOOL_CONVERSION = YES;
				CLANG_WARN_COMMA = YES;
				CLANG_WARN_CONSTANT_CONVERSION = YES;
				CLANG_WARN_DEPRECATED_OBJC_IMPLEMENTATIONS = YES;
				CLANG_WARN_DIRECT_OBJC_ISA_USAGE = YES_ERROR;
				CLANG_WARN_DOCUMENTATION_COMMENTS = YES;
				CLANG_WARN_EMPTY_BODY = YES;
				CLANG_WARN_ENUM_CONVERSION = YES;
				CLANG_WARN_INFINITE_RECURSION = YES;
				CLANG_WARN_INT_CONVERSION = YES;
				CLANG_WARN_NON_LITERAL_NULL_CONVERSION = YES;
				CLANG_WARN_OBJC_IMPLICIT_RETAIN_SELF = YES;
				CLANG_WARN_OBJC_LITERAL_CONVERSION = YES;
				CLANG_WARN_OBJC_ROOT_CLASS = YES_ERROR;
				CLANG_WARN_RANGE_LOOP_ANALYSIS = YES;
				CLANG_WARN_STRICT_PROTOTYPES = YES;
				CLANG_WARN_SUSPICIOUS_MOVE = YES;
				CLANG_WARN_UNGUARDED_AVAILABILITY = YES_AGGRESSIVE;
				CLANG_WARN_UNREACHABLE_CODE = YES;
				CLANG_WARN__DUPLICATE_METHOD_MATCH = YES;
				CODE_SIGN_IDENTITY = "iPhone Developer";
				COPY_PHASE_STRIP = NO;
				DEBUG_INFORMATION_FORMAT = dwarf;
				ENABLE_STRICT_OBJC_MSGSEND = YES;
				ENABLE_TESTABILITY = YES;
				GCC_C_LANGUAGE_STANDARD = gnu11;
				GCC_DYNAMIC_NO_PIC = NO;
				GCC_NO_COMMON_BLOCKS = YES;
				GCC_OPTIMIZATION_LEVEL = 0;
				GCC_PREPROCESSOR_DEFINITIONS = (
					"DEBUG=1",
					"$(inherited)",
				);
				GCC_WARN_64_TO_32_BIT_CONVERSION = YES;
				GCC_WARN_ABOUT_RETURN_TYPE = YES_ERROR;
				GCC_WARN_UNDECLARED_SELECTOR = YES;
				GCC_WARN_UNINITIALIZED_AUTOS = YES_AGGRESSIVE;
				GCC_WARN_UNUSED_FUNCTION = YES;
				GCC_WARN_UNUSED_VARIABLE = YES;
				IPHONEOS_DEPLOYMENT_TARGET = 12.2;
				MTL_ENABLE_DEBUG_INFO = INCLUDE_SOURCE;
				MTL_FAST_MATH = YES;
				ONLY_ACTIVE_ARCH = YES;
				SDKROOT = iphoneos;
				SWIFT_ACTIVE_COMPILATION_CONDITIONS = DEBUG;
				SWIFT_OPTIMIZATION_LEVEL = "-Onone";
			};
			name = Debug;
		};
		249962EC22BD94A1007016CE /* Release */ = {
			isa = XCBuildConfiguration;
			buildSettings = {
				ALWAYS_SEARCH_USER_PATHS = NO;
				CLANG_ANALYZER_NONNULL = YES;
				CLANG_ANALYZER_NUMBER_OBJECT_CONVERSION = YES_AGGRESSIVE;
				CLANG_CXX_LANGUAGE_STANDARD = "gnu++14";
				CLANG_CXX_LIBRARY = "libc++";
				CLANG_ENABLE_MODULES = YES;
				CLANG_ENABLE_OBJC_ARC = YES;
				CLANG_ENABLE_OBJC_WEAK = YES;
				CLANG_WARN_BLOCK_CAPTURE_AUTORELEASING = YES;
				CLANG_WARN_BOOL_CONVERSION = YES;
				CLANG_WARN_COMMA = YES;
				CLANG_WARN_CONSTANT_CONVERSION = YES;
				CLANG_WARN_DEPRECATED_OBJC_IMPLEMENTATIONS = YES;
				CLANG_WARN_DIRECT_OBJC_ISA_USAGE = YES_ERROR;
				CLANG_WARN_DOCUMENTATION_COMMENTS = YES;
				CLANG_WARN_EMPTY_BODY = YES;
				CLANG_WARN_ENUM_CONVERSION = YES;
				CLANG_WARN_INFINITE_RECURSION = YES;
				CLANG_WARN_INT_CONVERSION = YES;
				CLANG_WARN_NON_LITERAL_NULL_CONVERSION = YES;
				CLANG_WARN_OBJC_IMPLICIT_RETAIN_SELF = YES;
				CLANG_WARN_OBJC_LITERAL_CONVERSION = YES;
				CLANG_WARN_OBJC_ROOT_CLASS = YES_ERROR;
				CLANG_WARN_RANGE_LOOP_ANALYSIS = YES;
				CLANG_WARN_STRICT_PROTOTYPES = YES;
				CLANG_WARN_SUSPICIOUS_MOVE = YES;
				CLANG_WARN_UNGUARDED_AVAILABILITY = YES_AGGRESSIVE;
				CLANG_WARN_UNREACHABLE_CODE = YES;
				CLANG_WARN__DUPLICATE_METHOD_MATCH = YES;
				CODE_SIGN_IDENTITY = "iPhone Developer";
				COPY_PHASE_STRIP = NO;
				DEBUG_INFORMATION_FORMAT = "dwarf-with-dsym";
				ENABLE_NS_ASSERTIONS = NO;
				ENABLE_STRICT_OBJC_MSGSEND = YES;
				GCC_C_LANGUAGE_STANDARD = gnu11;
				GCC_NO_COMMON_BLOCKS = YES;
				GCC_WARN_64_TO_32_BIT_CONVERSION = YES;
				GCC_WARN_ABOUT_RETURN_TYPE = YES_ERROR;
				GCC_WARN_UNDECLARED_SELECTOR = YES;
				GCC_WARN_UNINITIALIZED_AUTOS = YES_AGGRESSIVE;
				GCC_WARN_UNUSED_FUNCTION = YES;
				GCC_WARN_UNUSED_VARIABLE = YES;
				IPHONEOS_DEPLOYMENT_TARGET = 12.2;
				MTL_ENABLE_DEBUG_INFO = NO;
				MTL_FAST_MATH = YES;
				SDKROOT = iphoneos;
				SWIFT_COMPILATION_MODE = wholemodule;
				SWIFT_OPTIMIZATION_LEVEL = "-O";
				VALIDATE_PRODUCT = YES;
			};
			name = Release;
		};
		249962EE22BD94A1007016CE /* Debug */ = {
			isa = XCBuildConfiguration;
			buildSettings = {
				ASSETCATALOG_COMPILER_APPICON_NAME = AppIcon;
				CODE_SIGN_STYLE = Automatic;
				INFOPLIST_FILE = "Audio-Shaker/Info.plist";
				LD_RUNPATH_SEARCH_PATHS = (
					"$(inherited)",
					"@executable_path/Frameworks",
				);
				PRODUCT_BUNDLE_IDENTIFIER = "com.seanmh.Audio-Shaker";
				PRODUCT_NAME = "$(TARGET_NAME)";
				SWIFT_VERSION = 5.0;
				TARGETED_DEVICE_FAMILY = "1,2";
			};
			name = Debug;
		};
		249962EF22BD94A1007016CE /* Release */ = {
			isa = XCBuildConfiguration;
			buildSettings = {
				ASSETCATALOG_COMPILER_APPICON_NAME = AppIcon;
				CODE_SIGN_STYLE = Automatic;
				INFOPLIST_FILE = "Audio-Shaker/Info.plist";
				LD_RUNPATH_SEARCH_PATHS = (
					"$(inherited)",
					"@executable_path/Frameworks",
				);
				PRODUCT_BUNDLE_IDENTIFIER = "com.seanmh.Audio-Shaker";
				PRODUCT_NAME = "$(TARGET_NAME)";
				SWIFT_VERSION = 5.0;
				TARGETED_DEVICE_FAMILY = "1,2";
			};
			name = Release;
		};
		249962F122BD94A1007016CE /* Debug */ = {
			isa = XCBuildConfiguration;
			buildSettings = {
				ALWAYS_EMBED_SWIFT_STANDARD_LIBRARIES = YES;
				BUNDLE_LOADER = "$(TEST_HOST)";
				CODE_SIGN_STYLE = Automatic;
				INFOPLIST_FILE = "Audio-ShakerTests/Info.plist";
				LD_RUNPATH_SEARCH_PATHS = (
					"$(inherited)",
					"@executable_path/Frameworks",
					"@loader_path/Frameworks",
				);
				PRODUCT_BUNDLE_IDENTIFIER = "com.seanmh.Audio-ShakerTests";
				PRODUCT_NAME = "$(TARGET_NAME)";
				SWIFT_VERSION = 5.0;
				TARGETED_DEVICE_FAMILY = "1,2";
				TEST_HOST = "$(BUILT_PRODUCTS_DIR)/Audio-Shaker.app/Audio-Shaker";
			};
			name = Debug;
		};
		249962F222BD94A1007016CE /* Release */ = {
			isa = XCBuildConfiguration;
			buildSettings = {
				ALWAYS_EMBED_SWIFT_STANDARD_LIBRARIES = YES;
				BUNDLE_LOADER = "$(TEST_HOST)";
				CODE_SIGN_STYLE = Automatic;
				INFOPLIST_FILE = "Audio-ShakerTests/Info.plist";
				LD_RUNPATH_SEARCH_PATHS = (
					"$(inherited)",
					"@executable_path/Frameworks",
					"@loader_path/Frameworks",
				);
				PRODUCT_BUNDLE_IDENTIFIER = "com.seanmh.Audio-ShakerTests";
				PRODUCT_NAME = "$(TARGET_NAME)";
				SWIFT_VERSION = 5.0;
				TARGETED_DEVICE_FAMILY = "1,2";
				TEST_HOST = "$(BUILT_PRODUCTS_DIR)/Audio-Shaker.app/Audio-Shaker";
			};
			name = Release;
		};
		249962F422BD94A1007016CE /* Debug */ = {
			isa = XCBuildConfiguration;
			buildSettings = {
				ALWAYS_EMBED_SWIFT_STANDARD_LIBRARIES = YES;
				CODE_SIGN_STYLE = Automatic;
				INFOPLIST_FILE = "Audio-ShakerUITests/Info.plist";
				LD_RUNPATH_SEARCH_PATHS = (
					"$(inherited)",
					"@executable_path/Frameworks",
					"@loader_path/Frameworks",
				);
				PRODUCT_BUNDLE_IDENTIFIER = "com.seanmh.Audio-ShakerUITests";
				PRODUCT_NAME = "$(TARGET_NAME)";
				SWIFT_VERSION = 5.0;
				TARGETED_DEVICE_FAMILY = "1,2";
				TEST_TARGET_NAME = "Audio-Shaker";
			};
			name = Debug;
		};
		249962F522BD94A1007016CE /* Release */ = {
			isa = XCBuildConfiguration;
			buildSettings = {
				ALWAYS_EMBED_SWIFT_STANDARD_LIBRARIES = YES;
				CODE_SIGN_STYLE = Automatic;
				INFOPLIST_FILE = "Audio-ShakerUITests/Info.plist";
				LD_RUNPATH_SEARCH_PATHS = (
					"$(inherited)",
					"@executable_path/Frameworks",
					"@loader_path/Frameworks",
				);
				PRODUCT_BUNDLE_IDENTIFIER = "com.seanmh.Audio-ShakerUITests";
				PRODUCT_NAME = "$(TARGET_NAME)";
				SWIFT_VERSION = 5.0;
				TARGETED_DEVICE_FAMILY = "1,2";
				TEST_TARGET_NAME = "Audio-Shaker";
			};
			name = Release;
		};
/* End XCBuildConfiguration section */

/* Begin XCConfigurationList section */
		249962C022BD94A0007016CE /* Build configuration list for PBXProject "Audio-Shaker" */ = {
			isa = XCConfigurationList;
			buildConfigurations = (
				249962EB22BD94A1007016CE /* Debug */,
				249962EC22BD94A1007016CE /* Release */,
			);
			defaultConfigurationIsVisible = 0;
			defaultConfigurationName = Release;
		};
		249962ED22BD94A1007016CE /* Build configuration list for PBXNativeTarget "Audio-Shaker" */ = {
			isa = XCConfigurationList;
			buildConfigurations = (
				249962EE22BD94A1007016CE /* Debug */,
				249962EF22BD94A1007016CE /* Release */,
			);
			defaultConfigurationIsVisible = 0;
			defaultConfigurationName = Release;
		};
		249962F022BD94A1007016CE /* Build configuration list for PBXNativeTarget "Audio-ShakerTests" */ = {
			isa = XCConfigurationList;
			buildConfigurations = (
				249962F122BD94A1007016CE /* Debug */,
				249962F222BD94A1007016CE /* Release */,
			);
			defaultConfigurationIsVisible = 0;
			defaultConfigurationName = Release;
		};
		249962F322BD94A1007016CE /* Build configuration list for PBXNativeTarget "Audio-ShakerUITests" */ = {
			isa = XCConfigurationList;
			buildConfigurations = (
				249962F422BD94A1007016CE /* Debug */,
				249962F522BD94A1007016CE /* Release */,
			);
			defaultConfigurationIsVisible = 0;
			defaultConfigurationName = Release;
		};
/* End XCConfigurationList section */
	};
	rootObject = 249962BD22BD94A0007016CE /* Project object */;
}
