// !$*UTF8*$!
{
	archiveVersion = 1;
	classes = {
	};
	objectVersion = 50;
	objects = {

/* Begin PBXBuildFile section */
		2499631522BDD7A8007016CE /* AppDelegate.swift in Sources */ = {isa = PBXBuildFile; fileRef = 2499631422BDD7A8007016CE /* AppDelegate.swift */; };
		2499631722BDD7A8007016CE /* ViewController.swift in Sources */ = {isa = PBXBuildFile; fileRef = 2499631622BDD7A8007016CE /* ViewController.swift */; };
		2499631A22BDD7A8007016CE /* Main.storyboard in Resources */ = {isa = PBXBuildFile; fileRef = 2499631822BDD7A8007016CE /* Main.storyboard */; };
		2499631D22BDD7A8007016CE /* Blog_Reader.xcdatamodeld in Sources */ = {isa = PBXBuildFile; fileRef = 2499631B22BDD7A8007016CE /* Blog_Reader.xcdatamodeld */; };
		2499631F22BDD7A9007016CE /* Assets.xcassets in Resources */ = {isa = PBXBuildFile; fileRef = 2499631E22BDD7A9007016CE /* Assets.xcassets */; };
		2499632222BDD7A9007016CE /* LaunchScreen.storyboard in Resources */ = {isa = PBXBuildFile; fileRef = 2499632022BDD7A9007016CE /* LaunchScreen.storyboard */; };
		2499632D22BDD7A9007016CE /* Blog_ReaderTests.swift in Sources */ = {isa = PBXBuildFile; fileRef = 2499632C22BDD7A9007016CE /* Blog_ReaderTests.swift */; };
		2499633822BDD7A9007016CE /* Blog_ReaderUITests.swift in Sources */ = {isa = PBXBuildFile; fileRef = 2499633722BDD7A9007016CE /* Blog_ReaderUITests.swift */; };
/* End PBXBuildFile section */

/* Begin PBXContainerItemProxy section */
		2499632922BDD7A9007016CE /* PBXContainerItemProxy */ = {
			isa = PBXContainerItemProxy;
			containerPortal = 2499630922BDD7A8007016CE /* Project object */;
			proxyType = 1;
			remoteGlobalIDString = 2499631022BDD7A8007016CE;
			remoteInfo = "Blog Reader";
		};
		2499633422BDD7A9007016CE /* PBXContainerItemProxy */ = {
			isa = PBXContainerItemProxy;
			containerPortal = 2499630922BDD7A8007016CE /* Project object */;
			proxyType = 1;
			remoteGlobalIDString = 2499631022BDD7A8007016CE;
			remoteInfo = "Blog Reader";
		};
/* End PBXContainerItemProxy section */

/* Begin PBXFileReference section */
		2499631122BDD7A8007016CE /* Blog Reader.app */ = {isa = PBXFileReference; explicitFileType = wrapper.application; includeInIndex = 0; path = "Blog Reader.app"; sourceTree = BUILT_PRODUCTS_DIR; };
		2499631422BDD7A8007016CE /* AppDelegate.swift */ = {isa = PBXFileReference; lastKnownFileType = sourcecode.swift; path = AppDelegate.swift; sourceTree = "<group>"; };
		2499631622BDD7A8007016CE /* ViewController.swift */ = {isa = PBXFileReference; lastKnownFileType = sourcecode.swift; path = ViewController.swift; sourceTree = "<group>"; };
		2499631922BDD7A8007016CE /* Base */ = {isa = PBXFileReference; lastKnownFileType = file.storyboard; name = Base; path = Base.lproj/Main.storyboard; sourceTree = "<group>"; };
		2499631C22BDD7A8007016CE /* Blog_Reader.xcdatamodel */ = {isa = PBXFileReference; lastKnownFileType = wrapper.xcdatamodel; path = Blog_Reader.xcdatamodel; sourceTree = "<group>"; };
		2499631E22BDD7A9007016CE /* Assets.xcassets */ = {isa = PBXFileReference; lastKnownFileType = folder.assetcatalog; path = Assets.xcassets; sourceTree = "<group>"; };
		2499632122BDD7A9007016CE /* Base */ = {isa = PBXFileReference; lastKnownFileType = file.storyboard; name = Base; path = Base.lproj/LaunchScreen.storyboard; sourceTree = "<group>"; };
		2499632322BDD7A9007016CE /* Info.plist */ = {isa = PBXFileReference; lastKnownFileType = text.plist.xml; path = Info.plist; sourceTree = "<group>"; };
		2499632822BDD7A9007016CE /* Blog ReaderTests.xctest */ = {isa = PBXFileReference; explicitFileType = wrapper.cfbundle; includeInIndex = 0; path = "Blog ReaderTests.xctest"; sourceTree = BUILT_PRODUCTS_DIR; };
		2499632C22BDD7A9007016CE /* Blog_ReaderTests.swift */ = {isa = PBXFileReference; lastKnownFileType = sourcecode.swift; path = Blog_ReaderTests.swift; sourceTree = "<group>"; };
		2499632E22BDD7A9007016CE /* Info.plist */ = {isa = PBXFileReference; lastKnownFileType = text.plist.xml; path = Info.plist; sourceTree = "<group>"; };
		2499633322BDD7A9007016CE /* Blog ReaderUITests.xctest */ = {isa = PBXFileReference; explicitFileType = wrapper.cfbundle; includeInIndex = 0; path = "Blog ReaderUITests.xctest"; sourceTree = BUILT_PRODUCTS_DIR; };
		2499633722BDD7A9007016CE /* Blog_ReaderUITests.swift */ = {isa = PBXFileReference; lastKnownFileType = sourcecode.swift; path = Blog_ReaderUITests.swift; sourceTree = "<group>"; };
		2499633922BDD7A9007016CE /* Info.plist */ = {isa = PBXFileReference; lastKnownFileType = text.plist.xml; path = Info.plist; sourceTree = "<group>"; };
/* End PBXFileReference section */

/* Begin PBXFrameworksBuildPhase section */
		2499630E22BDD7A8007016CE /* Frameworks */ = {
			isa = PBXFrameworksBuildPhase;
			buildActionMask = 2147483647;
			files = (
			);
			runOnlyForDeploymentPostprocessing = 0;
		};
		2499632522BDD7A9007016CE /* Frameworks */ = {
			isa = PBXFrameworksBuildPhase;
			buildActionMask = 2147483647;
			files = (
			);
			runOnlyForDeploymentPostprocessing = 0;
		};
		2499633022BDD7A9007016CE /* Frameworks */ = {
			isa = PBXFrameworksBuildPhase;
			buildActionMask = 2147483647;
			files = (
			);
			runOnlyForDeploymentPostprocessing = 0;
		};
/* End PBXFrameworksBuildPhase section */

/* Begin PBXGroup section */
		2499630822BDD7A8007016CE = {
			isa = PBXGroup;
			children = (
				2499631322BDD7A8007016CE /* Blog Reader */,
				2499632B22BDD7A9007016CE /* Blog ReaderTests */,
				2499633622BDD7A9007016CE /* Blog ReaderUITests */,
				2499631222BDD7A8007016CE /* Products */,
			);
			sourceTree = "<group>";
		};
		2499631222BDD7A8007016CE /* Products */ = {
			isa = PBXGroup;
			children = (
				2499631122BDD7A8007016CE /* Blog Reader.app */,
				2499632822BDD7A9007016CE /* Blog ReaderTests.xctest */,
				2499633322BDD7A9007016CE /* Blog ReaderUITests.xctest */,
			);
			name = Products;
			sourceTree = "<group>";
		};
		2499631322BDD7A8007016CE /* Blog Reader */ = {
			isa = PBXGroup;
			children = (
				2499631422BDD7A8007016CE /* AppDelegate.swift */,
				2499631622BDD7A8007016CE /* ViewController.swift */,
				2499631822BDD7A8007016CE /* Main.storyboard */,
				2499631E22BDD7A9007016CE /* Assets.xcassets */,
				2499632022BDD7A9007016CE /* LaunchScreen.storyboard */,
				2499632322BDD7A9007016CE /* Info.plist */,
				2499631B22BDD7A8007016CE /* Blog_Reader.xcdatamodeld */,
			);
			path = "Blog Reader";
			sourceTree = "<group>";
		};
		2499632B22BDD7A9007016CE /* Blog ReaderTests */ = {
			isa = PBXGroup;
			children = (
				2499632C22BDD7A9007016CE /* Blog_ReaderTests.swift */,
				2499632E22BDD7A9007016CE /* Info.plist */,
			);
			path = "Blog ReaderTests";
			sourceTree = "<group>";
		};
		2499633622BDD7A9007016CE /* Blog ReaderUITests */ = {
			isa = PBXGroup;
			children = (
				2499633722BDD7A9007016CE /* Blog_ReaderUITests.swift */,
				2499633922BDD7A9007016CE /* Info.plist */,
			);
			path = "Blog ReaderUITests";
			sourceTree = "<group>";
		};
/* End PBXGroup section */

/* Begin PBXNativeTarget section */
		2499631022BDD7A8007016CE /* Blog Reader */ = {
			isa = PBXNativeTarget;
			buildConfigurationList = 2499633C22BDD7A9007016CE /* Build configuration list for PBXNativeTarget "Blog Reader" */;
			buildPhases = (
				2499630D22BDD7A8007016CE /* Sources */,
				2499630E22BDD7A8007016CE /* Frameworks */,
				2499630F22BDD7A8007016CE /* Resources */,
			);
			buildRules = (
			);
			dependencies = (
			);
			name = "Blog Reader";
			productName = "Blog Reader";
			productReference = 2499631122BDD7A8007016CE /* Blog Reader.app */;
			productType = "com.apple.product-type.application";
		};
		2499632722BDD7A9007016CE /* Blog ReaderTests */ = {
			isa = PBXNativeTarget;
			buildConfigurationList = 2499633F22BDD7A9007016CE /* Build configuration list for PBXNativeTarget "Blog ReaderTests" */;
			buildPhases = (
				2499632422BDD7A9007016CE /* Sources */,
				2499632522BDD7A9007016CE /* Frameworks */,
				2499632622BDD7A9007016CE /* Resources */,
			);
			buildRules = (
			);
			dependencies = (
				2499632A22BDD7A9007016CE /* PBXTargetDependency */,
			);
			name = "Blog ReaderTests";
			productName = "Blog ReaderTests";
			productReference = 2499632822BDD7A9007016CE /* Blog ReaderTests.xctest */;
			productType = "com.apple.product-type.bundle.unit-test";
		};
		2499633222BDD7A9007016CE /* Blog ReaderUITests */ = {
			isa = PBXNativeTarget;
			buildConfigurationList = 2499634222BDD7A9007016CE /* Build configuration list for PBXNativeTarget "Blog ReaderUITests" */;
			buildPhases = (
				2499632F22BDD7A9007016CE /* Sources */,
				2499633022BDD7A9007016CE /* Frameworks */,
				2499633122BDD7A9007016CE /* Resources */,
			);
			buildRules = (
			);
			dependencies = (
				2499633522BDD7A9007016CE /* PBXTargetDependency */,
			);
			name = "Blog ReaderUITests";
			productName = "Blog ReaderUITests";
			productReference = 2499633322BDD7A9007016CE /* Blog ReaderUITests.xctest */;
			productType = "com.apple.product-type.bundle.ui-testing";
		};
/* End PBXNativeTarget section */

/* Begin PBXProject section */
		2499630922BDD7A8007016CE /* Project object */ = {
			isa = PBXProject;
			attributes = {
				LastSwiftUpdateCheck = 1020;
				LastUpgradeCheck = 1020;
				ORGANIZATIONNAME = "Sean Higgins";
				TargetAttributes = {
					2499631022BDD7A8007016CE = {
						CreatedOnToolsVersion = 10.2.1;
					};
					2499632722BDD7A9007016CE = {
						CreatedOnToolsVersion = 10.2.1;
						TestTargetID = 2499631022BDD7A8007016CE;
					};
					2499633222BDD7A9007016CE = {
						CreatedOnToolsVersion = 10.2.1;
						TestTargetID = 2499631022BDD7A8007016CE;
					};
				};
			};
			buildConfigurationList = 2499630C22BDD7A8007016CE /* Build configuration list for PBXProject "Blog Reader" */;
			compatibilityVersion = "Xcode 9.3";
			developmentRegion = en;
			hasScannedForEncodings = 0;
			knownRegions = (
				en,
				Base,
			);
			mainGroup = 2499630822BDD7A8007016CE;
			productRefGroup = 2499631222BDD7A8007016CE /* Products */;
			projectDirPath = "";
			projectRoot = "";
			targets = (
				2499631022BDD7A8007016CE /* Blog Reader */,
				2499632722BDD7A9007016CE /* Blog ReaderTests */,
				2499633222BDD7A9007016CE /* Blog ReaderUITests */,
			);
		};
/* End PBXProject section */

/* Begin PBXResourcesBuildPhase section */
		2499630F22BDD7A8007016CE /* Resources */ = {
			isa = PBXResourcesBuildPhase;
			buildActionMask = 2147483647;
			files = (
				2499632222BDD7A9007016CE /* LaunchScreen.storyboard in Resources */,
				2499631F22BDD7A9007016CE /* Assets.xcassets in Resources */,
				2499631A22BDD7A8007016CE /* Main.storyboard in Resources */,
			);
			runOnlyForDeploymentPostprocessing = 0;
		};
		2499632622BDD7A9007016CE /* Resources */ = {
			isa = PBXResourcesBuildPhase;
			buildActionMask = 2147483647;
			files = (
			);
			runOnlyForDeploymentPostprocessing = 0;
		};
		2499633122BDD7A9007016CE /* Resources */ = {
			isa = PBXResourcesBuildPhase;
			buildActionMask = 2147483647;
			files = (
			);
			runOnlyForDeploymentPostprocessing = 0;
		};
/* End PBXResourcesBuildPhase section */

/* Begin PBXSourcesBuildPhase section */
		2499630D22BDD7A8007016CE /* Sources */ = {
			isa = PBXSourcesBuildPhase;
			buildActionMask = 2147483647;
			files = (
				2499631D22BDD7A8007016CE /* Blog_Reader.xcdatamodeld in Sources */,
				2499631722BDD7A8007016CE /* ViewController.swift in Sources */,
				2499631522BDD7A8007016CE /* AppDelegate.swift in Sources */,
			);
			runOnlyForDeploymentPostprocessing = 0;
		};
		2499632422BDD7A9007016CE /* Sources */ = {
			isa = PBXSourcesBuildPhase;
			buildActionMask = 2147483647;
			files = (
				2499632D22BDD7A9007016CE /* Blog_ReaderTests.swift in Sources */,
			);
			runOnlyForDeploymentPostprocessing = 0;
		};
		2499632F22BDD7A9007016CE /* Sources */ = {
			isa = PBXSourcesBuildPhase;
			buildActionMask = 2147483647;
			files = (
				2499633822BDD7A9007016CE /* Blog_ReaderUITests.swift in Sources */,
			);
			runOnlyForDeploymentPostprocessing = 0;
		};
/* End PBXSourcesBuildPhase section */

/* Begin PBXTargetDependency section */
		2499632A22BDD7A9007016CE /* PBXTargetDependency */ = {
			isa = PBXTargetDependency;
			target = 2499631022BDD7A8007016CE /* Blog Reader */;
			targetProxy = 2499632922BDD7A9007016CE /* PBXContainerItemProxy */;
		};
		2499633522BDD7A9007016CE /* PBXTargetDependency */ = {
			isa = PBXTargetDependency;
			target = 2499631022BDD7A8007016CE /* Blog Reader */;
			targetProxy = 2499633422BDD7A9007016CE /* PBXContainerItemProxy */;
		};
/* End PBXTargetDependency section */

/* Begin PBXVariantGroup section */
		2499631822BDD7A8007016CE /* Main.storyboard */ = {
			isa = PBXVariantGroup;
			children = (
				2499631922BDD7A8007016CE /* Base */,
			);
			name = Main.storyboard;
			sourceTree = "<group>";
		};
		2499632022BDD7A9007016CE /* LaunchScreen.storyboard */ = {
			isa = PBXVariantGroup;
			children = (
				2499632122BDD7A9007016CE /* Base */,
			);
			name = LaunchScreen.storyboard;
			sourceTree = "<group>";
		};
/* End PBXVariantGroup section */

/* Begin XCBuildConfiguration section */
		2499633A22BDD7A9007016CE /* Debug */ = {
			isa = XCBuildConfiguration;
			buildSettings = {
				ALWAYS_SEARCH_USER_PATHS = NO;
				CLANG_ANALYZER_NONNULL = YES;
				CLANG_ANALYZER_NUMBER_OBJECT_CONVERSION = YES_AGGRESSIVE;
				CLANG_CXX_LANGUAGE_STANDARD = "gnu++14";
				CLANG_CXX_LIBRARY = "libc++";
				CLANG_ENABLE_MODULES = YES;
				CLANG_ENABLE_OBJC_ARC = YES;
				CLANG_ENABLE_OBJC_WEAK = YES;
				CLANG_WARN_BLOCK_CAPTURE_AUTORELEASING = YES;
				CLANG_WARN_BOOL_CONVERSION = YES;
				CLANG_WARN_COMMA = YES;
				CLANG_WARN_CONSTANT_CONVERSION = YES;
				CLANG_WARN_DEPRECATED_OBJC_IMPLEMENTATIONS = YES;
				CLANG_WARN_DIRECT_OBJC_ISA_USAGE = YES_ERROR;
				CLANG_WARN_DOCUMENTATION_COMMENTS = YES;
				CLANG_WARN_EMPTY_BODY = YES;
				CLANG_WARN_ENUM_CONVERSION = YES;
				CLANG_WARN_INFINITE_RECURSION = YES;
				CLANG_WARN_INT_CONVERSION = YES;
				CLANG_WARN_NON_LITERAL_NULL_CONVERSION = YES;
				CLANG_WARN_OBJC_IMPLICIT_RETAIN_SELF = YES;
				CLANG_WARN_OBJC_LITERAL_CONVERSION = YES;
				CLANG_WARN_OBJC_ROOT_CLASS = YES_ERROR;
				CLANG_WARN_RANGE_LOOP_ANALYSIS = YES;
				CLANG_WARN_STRICT_PROTOTYPES = YES;
				CLANG_WARN_SUSPICIOUS_MOVE = YES;
				CLANG_WARN_UNGUARDED_AVAILABILITY = YES_AGGRESSIVE;
				CLANG_WARN_UNREACHABLE_CODE = YES;
				CLANG_WARN__DUPLICATE_METHOD_MATCH = YES;
				CODE_SIGN_IDENTITY = "iPhone Developer";
				COPY_PHASE_STRIP = NO;
				DEBUG_INFORMATION_FORMAT = dwarf;
				ENABLE_STRICT_OBJC_MSGSEND = YES;
				ENABLE_TESTABILITY = YES;
				GCC_C_LANGUAGE_STANDARD = gnu11;
				GCC_DYNAMIC_NO_PIC = NO;
				GCC_NO_COMMON_BLOCKS = YES;
				GCC_OPTIMIZATION_LEVEL = 0;
				GCC_PREPROCESSOR_DEFINITIONS = (
					"DEBUG=1",
					"$(inherited)",
				);
				GCC_WARN_64_TO_32_BIT_CONVERSION = YES;
				GCC_WARN_ABOUT_RETURN_TYPE = YES_ERROR;
				GCC_WARN_UNDECLARED_SELECTOR = YES;
				GCC_WARN_UNINITIALIZED_AUTOS = YES_AGGRESSIVE;
				GCC_WARN_UNUSED_FUNCTION = YES;
				GCC_WARN_UNUSED_VARIABLE = YES;
				IPHONEOS_DEPLOYMENT_TARGET = 12.2;
				MTL_ENABLE_DEBUG_INFO = INCLUDE_SOURCE;
				MTL_FAST_MATH = YES;
				ONLY_ACTIVE_ARCH = YES;
				SDKROOT = iphoneos;
				SWIFT_ACTIVE_COMPILATION_CONDITIONS = DEBUG;
				SWIFT_OPTIMIZATION_LEVEL = "-Onone";
			};
			name = Debug;
		};
		2499633B22BDD7A9007016CE /* Release */ = {
			isa = XCBuildConfiguration;
			buildSettings = {
				ALWAYS_SEARCH_USER_PATHS = NO;
				CLANG_ANALYZER_NONNULL = YES;
				CLANG_ANALYZER_NUMBER_OBJECT_CONVERSION = YES_AGGRESSIVE;
				CLANG_CXX_LANGUAGE_STANDARD = "gnu++14";
				CLANG_CXX_LIBRARY = "libc++";
				CLANG_ENABLE_MODULES = YES;
				CLANG_ENABLE_OBJC_ARC = YES;
				CLANG_ENABLE_OBJC_WEAK = YES;
				CLANG_WARN_BLOCK_CAPTURE_AUTORELEASING = YES;
				CLANG_WARN_BOOL_CONVERSION = YES;
				CLANG_WARN_COMMA = YES;
				CLANG_WARN_CONSTANT_CONVERSION = YES;
				CLANG_WARN_DEPRECATED_OBJC_IMPLEMENTATIONS = YES;
				CLANG_WARN_DIRECT_OBJC_ISA_USAGE = YES_ERROR;
				CLANG_WARN_DOCUMENTATION_COMMENTS = YES;
				CLANG_WARN_EMPTY_BODY = YES;
				CLANG_WARN_ENUM_CONVERSION = YES;
				CLANG_WARN_INFINITE_RECURSION = YES;
				CLANG_WARN_INT_CONVERSION = YES;
				CLANG_WARN_NON_LITERAL_NULL_CONVERSION = YES;
				CLANG_WARN_OBJC_IMPLICIT_RETAIN_SELF = YES;
				CLANG_WARN_OBJC_LITERAL_CONVERSION = YES;
				CLANG_WARN_OBJC_ROOT_CLASS = YES_ERROR;
				CLANG_WARN_RANGE_LOOP_ANALYSIS = YES;
				CLANG_WARN_STRICT_PROTOTYPES = YES;
				CLANG_WARN_SUSPICIOUS_MOVE = YES;
				CLANG_WARN_UNGUARDED_AVAILABILITY = YES_AGGRESSIVE;
				CLANG_WARN_UNREACHABLE_CODE = YES;
				CLANG_WARN__DUPLICATE_METHOD_MATCH = YES;
				CODE_SIGN_IDENTITY = "iPhone Developer";
				COPY_PHASE_STRIP = NO;
				DEBUG_INFORMATION_FORMAT = "dwarf-with-dsym";
				ENABLE_NS_ASSERTIONS = NO;
				ENABLE_STRICT_OBJC_MSGSEND = YES;
				GCC_C_LANGUAGE_STANDARD = gnu11;
				GCC_NO_COMMON_BLOCKS = YES;
				GCC_WARN_64_TO_32_BIT_CONVERSION = YES;
				GCC_WARN_ABOUT_RETURN_TYPE = YES_ERROR;
				GCC_WARN_UNDECLARED_SELECTOR = YES;
				GCC_WARN_UNINITIALIZED_AUTOS = YES_AGGRESSIVE;
				GCC_WARN_UNUSED_FUNCTION = YES;
				GCC_WARN_UNUSED_VARIABLE = YES;
				IPHONEOS_DEPLOYMENT_TARGET = 12.2;
				MTL_ENABLE_DEBUG_INFO = NO;
				MTL_FAST_MATH = YES;
				SDKROOT = iphoneos;
				SWIFT_COMPILATION_MODE = wholemodule;
				SWIFT_OPTIMIZATION_LEVEL = "-O";
				VALIDATE_PRODUCT = YES;
			};
			name = Release;
		};
		2499633D22BDD7A9007016CE /* Debug */ = {
			isa = XCBuildConfiguration;
			buildSettings = {
				ASSETCATALOG_COMPILER_APPICON_NAME = AppIcon;
				CODE_SIGN_STYLE = Automatic;
				INFOPLIST_FILE = "Blog Reader/Info.plist";
				LD_RUNPATH_SEARCH_PATHS = (
					"$(inherited)",
					"@executable_path/Frameworks",
				);
				PRODUCT_BUNDLE_IDENTIFIER = "com.seanmh.Blog-Reader";
				PRODUCT_NAME = "$(TARGET_NAME)";
				SWIFT_VERSION = 5.0;
				TARGETED_DEVICE_FAMILY = "1,2";
			};
			name = Debug;
		};
		2499633E22BDD7A9007016CE /* Release */ = {
			isa = XCBuildConfiguration;
			buildSettings = {
				ASSETCATALOG_COMPILER_APPICON_NAME = AppIcon;
				CODE_SIGN_STYLE = Automatic;
				INFOPLIST_FILE = "Blog Reader/Info.plist";
				LD_RUNPATH_SEARCH_PATHS = (
					"$(inherited)",
					"@executable_path/Frameworks",
				);
				PRODUCT_BUNDLE_IDENTIFIER = "com.seanmh.Blog-Reader";
				PRODUCT_NAME = "$(TARGET_NAME)";
				SWIFT_VERSION = 5.0;
				TARGETED_DEVICE_FAMILY = "1,2";
			};
			name = Release;
		};
		2499634022BDD7A9007016CE /* Debug */ = {
			isa = XCBuildConfiguration;
			buildSettings = {
				ALWAYS_EMBED_SWIFT_STANDARD_LIBRARIES = YES;
				BUNDLE_LOADER = "$(TEST_HOST)";
				CODE_SIGN_STYLE = Automatic;
				INFOPLIST_FILE = "Blog ReaderTests/Info.plist";
				LD_RUNPATH_SEARCH_PATHS = (
					"$(inherited)",
					"@executable_path/Frameworks",
					"@loader_path/Frameworks",
				);
				PRODUCT_BUNDLE_IDENTIFIER = "com.seanmh.Blog-ReaderTests";
				PRODUCT_NAME = "$(TARGET_NAME)";
				SWIFT_VERSION = 5.0;
				TARGETED_DEVICE_FAMILY = "1,2";
				TEST_HOST = "$(BUILT_PRODUCTS_DIR)/Blog Reader.app/Blog Reader";
			};
			name = Debug;
		};
		2499634122BDD7A9007016CE /* Release */ = {
			isa = XCBuildConfiguration;
			buildSettings = {
				ALWAYS_EMBED_SWIFT_STANDARD_LIBRARIES = YES;
				BUNDLE_LOADER = "$(TEST_HOST)";
				CODE_SIGN_STYLE = Automatic;
				INFOPLIST_FILE = "Blog ReaderTests/Info.plist";
				LD_RUNPATH_SEARCH_PATHS = (
					"$(inherited)",
					"@executable_path/Frameworks",
					"@loader_path/Frameworks",
				);
				PRODUCT_BUNDLE_IDENTIFIER = "com.seanmh.Blog-ReaderTests";
				PRODUCT_NAME = "$(TARGET_NAME)";
				SWIFT_VERSION = 5.0;
				TARGETED_DEVICE_FAMILY = "1,2";
				TEST_HOST = "$(BUILT_PRODUCTS_DIR)/Blog Reader.app/Blog Reader";
			};
			name = Release;
		};
		2499634322BDD7A9007016CE /* Debug */ = {
			isa = XCBuildConfiguration;
			buildSettings = {
				ALWAYS_EMBED_SWIFT_STANDARD_LIBRARIES = YES;
				CODE_SIGN_STYLE = Automatic;
				INFOPLIST_FILE = "Blog ReaderUITests/Info.plist";
				LD_RUNPATH_SEARCH_PATHS = (
					"$(inherited)",
					"@executable_path/Frameworks",
					"@loader_path/Frameworks",
				);
				PRODUCT_BUNDLE_IDENTIFIER = "com.seanmh.Blog-ReaderUITests";
				PRODUCT_NAME = "$(TARGET_NAME)";
				SWIFT_VERSION = 5.0;
				TARGETED_DEVICE_FAMILY = "1,2";
				TEST_TARGET_NAME = "Blog Reader";
			};
			name = Debug;
		};
		2499634422BDD7A9007016CE /* Release */ = {
			isa = XCBuildConfiguration;
			buildSettings = {
				ALWAYS_EMBED_SWIFT_STANDARD_LIBRARIES = YES;
				CODE_SIGN_STYLE = Automatic;
				INFOPLIST_FILE = "Blog ReaderUITests/Info.plist";
				LD_RUNPATH_SEARCH_PATHS = (
					"$(inherited)",
					"@executable_path/Frameworks",
					"@loader_path/Frameworks",
				);
				PRODUCT_BUNDLE_IDENTIFIER = "com.seanmh.Blog-ReaderUITests";
				PRODUCT_NAME = "$(TARGET_NAME)";
				SWIFT_VERSION = 5.0;
				TARGETED_DEVICE_FAMILY = "1,2";
				TEST_TARGET_NAME = "Blog Reader";
			};
			name = Release;
		};
/* End XCBuildConfiguration section */

/* Begin XCConfigurationList section */
		2499630C22BDD7A8007016CE /* Build configuration list for PBXProject "Blog Reader" */ = {
			isa = XCConfigurationList;
			buildConfigurations = (
				2499633A22BDD7A9007016CE /* Debug */,
				2499633B22BDD7A9007016CE /* Release */,
			);
			defaultConfigurationIsVisible = 0;
			defaultConfigurationName = Release;
		};
		2499633C22BDD7A9007016CE /* Build configuration list for PBXNativeTarget "Blog Reader" */ = {
			isa = XCConfigurationList;
			buildConfigurations = (
				2499633D22BDD7A9007016CE /* Debug */,
				2499633E22BDD7A9007016CE /* Release */,
			);
			defaultConfigurationIsVisible = 0;
			defaultConfigurationName = Release;
		};
		2499633F22BDD7A9007016CE /* Build configuration list for PBXNativeTarget "Blog ReaderTests" */ = {
			isa = XCConfigurationList;
			buildConfigurations = (
				2499634022BDD7A9007016CE /* Debug */,
				2499634122BDD7A9007016CE /* Release */,
			);
			defaultConfigurationIsVisible = 0;
			defaultConfigurationName = Release;
		};
		2499634222BDD7A9007016CE /* Build configuration list for PBXNativeTarget "Blog ReaderUITests" */ = {
			isa = XCConfigurationList;
			buildConfigurations = (
				2499634322BDD7A9007016CE /* Debug */,
				2499634422BDD7A9007016CE /* Release */,
			);
			defaultConfigurationIsVisible = 0;
			defaultConfigurationName = Release;
		};
/* End XCConfigurationList section */

/* Begin XCVersionGroup section */
		2499631B22BDD7A8007016CE /* Blog_Reader.xcdatamodeld */ = {
			isa = XCVersionGroup;
			children = (
				2499631C22BDD7A8007016CE /* Blog_Reader.xcdatamodel */,
			);
			currentVersion = 2499631C22BDD7A8007016CE /* Blog_Reader.xcdatamodel */;
			path = Blog_Reader.xcdatamodeld;
			sourceTree = "<group>";
			versionGroupType = wrapper.xcdatamodel;
		};
/* End XCVersionGroup section */
	};
	rootObject = 2499630922BDD7A8007016CE /* Project object */;
}
